
Microsoft Visual Studio Solution File, Format Version 12.00
# Visual Studio 15
VisualStudioVersion = 15.0.27703.2026
MinimumVisualStudioVersion = 10.0.40219.1
Project("{FAE04EC0-301F-11D3-BF4B-00C04F79EFBC}") = "Bilard", "Bilard\Bilard.csproj", "{4DBE704D-951F-42EB-B57F-CC72DDE6B1D7}"
EndProject
Global
	GlobalSection(SolutionConfigurationPlatforms) = preSolution
		Debug|Any CPU = Debug|Any CPU
		Release|Any CPU = Release|Any CPU
	EndGlobalSection
	GlobalSection(ProjectConfigurationPlatforms) = postSolution
		{4DBE704D-951F-42EB-B57F-CC72DDE6B1D7}.Debug|Any CPU.ActiveCfg = Debug|Any CPU
		{4DBE704D-951F-42EB-B57F-CC72DDE6B1D7}.Debug|Any CPU.Build.0 = Debug|Any CPU
		{4DBE704D-951F-42EB-B57F-CC72DDE6B1D7}.Release|Any CPU.ActiveCfg = Release|Any CPU
		{4DBE704D-951F-42EB-B57F-CC72DDE6B1D7}.Release|Any CPU.Build.0 = Release|Any CPU
	EndGlobalSection
	GlobalSection(SolutionProperties) = preSolution
		HideSolutionNode = FALSE
	EndGlobalSection
	GlobalSection(ExtensibilityGlobals) = postSolution
		SolutionGuid = {2BA5B12A-8674-42D7-BE7E-9D4791EC3C64}
	EndGlobalSection
EndGlobal
